
Microsoft Visual Studio Solution File, Format Version 12.00
# Visual Studio Version 17
VisualStudioVersion = 17.10.34928.147
MinimumVisualStudioVersion = 10.0.40219.1
Project("{FAE04EC0-301F-11D3-BF4B-00C04F79EFBC}") = "AspireDiscordApp", "AspireDiscordApp\AspireDiscordApp.csproj", "{C29C9A9E-0DD4-47E3-A086-0F83B85B7849}"
EndProject
Project("{9A19103F-16F7-4668-BE54-9A1E7A4F7556}") = "CommonClasses", "CommonClasses\CommonClasses.csproj", "{698B4191-C463-4C61-A917-C5F6F12F3AA4}"
EndProject
Global
	GlobalSection(SolutionConfigurationPlatforms) = preSolution
		Debug|Any CPU = Debug|Any CPU
		Release|Any CPU = Release|Any CPU
	EndGlobalSection
	GlobalSection(ProjectConfigurationPlatforms) = postSolution
		{C29C9A9E-0DD4-47E3-A086-0F83B85B7849}.Debug|Any CPU.ActiveCfg = Debug|Any CPU
		{C29C9A9E-0DD4-47E3-A086-0F83B85B7849}.Debug|Any CPU.Build.0 = Debug|Any CPU
		{C29C9A9E-0DD4-47E3-A086-0F83B85B7849}.Release|Any CPU.ActiveCfg = Release|Any CPU
		{C29C9A9E-0DD4-47E3-A086-0F83B85B7849}.Release|Any CPU.Build.0 = Release|Any CPU
		{698B4191-C463-4C61-A917-C5F6F12F3AA4}.Debug|Any CPU.ActiveCfg = Debug|Any CPU
		{698B4191-C463-4C61-A917-C5F6F12F3AA4}.Debug|Any CPU.Build.0 = Debug|Any CPU
		{698B4191-C463-4C61-A917-C5F6F12F3AA4}.Release|Any CPU.ActiveCfg = Release|Any CPU
		{698B4191-C463-4C61-A917-C5F6F12F3AA4}.Release|Any CPU.Build.0 = Release|Any CPU
	EndGlobalSection
	GlobalSection(SolutionProperties) = preSolution
		HideSolutionNode = FALSE
	EndGlobalSection
	GlobalSection(ExtensibilityGlobals) = postSolution
		SolutionGuid = {F6330959-63EE-4370-ABBF-52923CE8CD06}
	EndGlobalSection
EndGlobal
